
Microsoft Visual Studio Solution File, Format Version 12.00
# Visual Studio Version 16
VisualStudioVersion = 16.0.30011.22
MinimumVisualStudioVersion = 10.0.40219.1
Project("{FAE04EC0-301F-11D3-BF4B-00C04F79EFBC}") = "LV2", "LV2\LV2.csproj", "{2DCBA3B5-D0B6-4F3C-A785-8FBB8E573D8F}"
EndProject
Global
	GlobalSection(SolutionConfigurationPlatforms) = preSolution
		Debug|Any CPU = Debug|Any CPU
		Release|Any CPU = Release|Any CPU
	EndGlobalSection
	GlobalSection(ProjectConfigurationPlatforms) = postSolution
		{2DCBA3B5-D0B6-4F3C-A785-8FBB8E573D8F}.Debug|Any CPU.ActiveCfg = Debug|Any CPU
		{2DCBA3B5-D0B6-4F3C-A785-8FBB8E573D8F}.Debug|Any CPU.Build.0 = Debug|Any CPU
		{2DCBA3B5-D0B6-4F3C-A785-8FBB8E573D8F}.Release|Any CPU.ActiveCfg = Release|Any CPU
		{2DCBA3B5-D0B6-4F3C-A785-8FBB8E573D8F}.Release|Any CPU.Build.0 = Release|Any CPU
	EndGlobalSection
	GlobalSection(SolutionProperties) = preSolution
		HideSolutionNode = FALSE
	EndGlobalSection
	GlobalSection(ExtensibilityGlobals) = postSolution
		SolutionGuid = {1FA13746-1829-4756-8013-2EF5E89A89F5}
	EndGlobalSection
EndGlobal
